
Microsoft Visual Studio Solution File, Format Version 12.00
# Visual Studio Version 17
VisualStudioVersion = 17.10.35013.160
MinimumVisualStudioVersion = 10.0.40219.1
Project("{FAE04EC0-301F-11D3-BF4B-00C04F79EFBC}") = "Lesson 2 - Numbers and math", "Lesson 2 - Numbers and math\Lesson 2 - Numbers and math.csproj", "{E144F535-895F-49B2-ACF4-F36210B6CD56}"
EndProject
Global
	GlobalSection(SolutionConfigurationPlatforms) = preSolution
		Debug|Any CPU = Debug|Any CPU
		Release|Any CPU = Release|Any CPU
	EndGlobalSection
	GlobalSection(ProjectConfigurationPlatforms) = postSolution
		{E144F535-895F-49B2-ACF4-F36210B6CD56}.Debug|Any CPU.ActiveCfg = Debug|Any CPU
		{E144F535-895F-49B2-ACF4-F36210B6CD56}.Debug|Any CPU.Build.0 = Debug|Any CPU
		{E144F535-895F-49B2-ACF4-F36210B6CD56}.Release|Any CPU.ActiveCfg = Release|Any CPU
		{E144F535-895F-49B2-ACF4-F36210B6CD56}.Release|Any CPU.Build.0 = Release|Any CPU
	EndGlobalSection
	GlobalSection(SolutionProperties) = preSolution
		HideSolutionNode = FALSE
	EndGlobalSection
	GlobalSection(ExtensibilityGlobals) = postSolution
		SolutionGuid = {B942B5DA-E7DB-4A71-910A-F320FEA1075F}
	EndGlobalSection
EndGlobal
